
Microsoft Visual Studio Solution File, Format Version 12.00
# Visual Studio 15
VisualStudioVersion = 15.0.28307.329
MinimumVisualStudioVersion = 10.0.40219.1
Project("{FAE04EC0-301F-11D3-BF4B-00C04F79EFBC}") = "SearchBarDemo.Android", "SearchBarDemo\SearchBarDemo.Android\SearchBarDemo.Android.csproj", "{EDDB7618-1BFE-4300-99F3-30531CA2456B}"
EndProject
Project("{FAE04EC0-301F-11D3-BF4B-00C04F79EFBC}") = "SearchBarDemo.iOS", "SearchBarDemo\SearchBarDemo.iOS\SearchBarDemo.iOS.csproj", "{3F1A2FDB-B76E-4087-8CA4-C739FC558E0B}"
EndProject
Project("{FAE04EC0-301F-11D3-BF4B-00C04F79EFBC}") = "SearchBarDemo.UWP", "SearchBarDemo\SearchBarDemo.UWP\SearchBarDemo.UWP.csproj", "{3A83CE0D-255F-4E15-A140-DBA79758976A}"
EndProject
Project("{FAE04EC0-301F-11D3-BF4B-00C04F79EFBC}") = "SearchBarDemo", "SearchBarDemo\SearchBarDemo\SearchBarDemo.csproj", "{8490A0D9-8C4F-4C31-9B83-92FC04B7DB9D}"
EndProject
Global
	GlobalSection(SolutionConfigurationPlatforms) = preSolution
		Ad-Hoc|Any CPU = Ad-Hoc|Any CPU
		Ad-Hoc|ARM = Ad-Hoc|ARM
		Ad-Hoc|iPhone = Ad-Hoc|iPhone
		Ad-Hoc|iPhoneSimulator = Ad-Hoc|iPhoneSimulator
		Ad-Hoc|x64 = Ad-Hoc|x64
		Ad-Hoc|x86 = Ad-Hoc|x86
		AppStore|Any CPU = AppStore|Any CPU
		AppStore|ARM = AppStore|ARM
		AppStore|iPhone = AppStore|iPhone
		AppStore|iPhoneSimulator = AppStore|iPhoneSimulator
		AppStore|x64 = AppStore|x64
		AppStore|x86 = AppStore|x86
		Debug|Any CPU = Debug|Any CPU
		Debug|ARM = Debug|ARM
		Debug|iPhone = Debug|iPhone
		Debug|iPhoneSimulator = Debug|iPhoneSimulator
		Debug|x64 = Debug|x64
		Debug|x86 = Debug|x86
		Release|Any CPU = Release|Any CPU
		Release|ARM = Release|ARM
		Release|iPhone = Release|iPhone
		Release|iPhoneSimulator = Release|iPhoneSimulator
		Release|x64 = Release|x64
		Release|x86 = Release|x86
	EndGlobalSection
	GlobalSection(ProjectConfigurationPlatforms) = postSolution
		{EDDB7618-1BFE-4300-99F3-30531CA2456B}.Ad-Hoc|Any CPU.ActiveCfg = Release|Any CPU
		{EDDB7618-1BFE-4300-99F3-30531CA2456B}.Ad-Hoc|Any CPU.Build.0 = Release|Any CPU
		{EDDB7618-1BFE-4300-99F3-30531CA2456B}.Ad-Hoc|Any CPU.Deploy.0 = Release|Any CPU
		{EDDB7618-1BFE-4300-99F3-30531CA2456B}.Ad-Hoc|ARM.ActiveCfg = Release|Any CPU
		{EDDB7618-1BFE-4300-99F3-30531CA2456B}.Ad-Hoc|ARM.Build.0 = Release|Any CPU
		{EDDB7618-1BFE-4300-99F3-30531CA2456B}.Ad-Hoc|ARM.Deploy.0 = Release|Any CPU
		{EDDB7618-1BFE-4300-99F3-30531CA2456B}.Ad-Hoc|iPhone.ActiveCfg = Release|Any CPU
		{EDDB7618-1BFE-4300-99F3-30531CA2456B}.Ad-Hoc|iPhone.Build.0 = Release|Any CPU
		{EDDB7618-1BFE-4300-99F3-30531CA2456B}.Ad-Hoc|iPhone.Deploy.0 = Release|Any CPU
		{EDDB7618-1BFE-4300-99F3-30531CA2456B}.Ad-Hoc|iPhoneSimulator.ActiveCfg = Release|Any CPU
		{EDDB7618-1BFE-4300-99F3-30531CA2456B}.Ad-Hoc|iPhoneSimulator.Build.0 = Release|Any CPU
		{EDDB7618-1BFE-4300-99F3-30531CA2456B}.Ad-Hoc|iPhoneSimulator.Deploy.0 = Release|Any CPU
		{EDDB7618-1BFE-4300-99F3-30531CA2456B}.Ad-Hoc|x64.ActiveCfg = Release|Any CPU
		{EDDB7618-1BFE-4300-99F3-30531CA2456B}.Ad-Hoc|x64.Build.0 = Release|Any CPU
		{EDDB7618-1BFE-4300-99F3-30531CA2456B}.Ad-Hoc|x64.Deploy.0 = Release|Any CPU
		{EDDB7618-1BFE-4300-99F3-30531CA2456B}.Ad-Hoc|x86.ActiveCfg = Release|Any CPU
		{EDDB7618-1BFE-4300-99F3-30531CA2456B}.Ad-Hoc|x86.Build.0 = Release|Any CPU
		{EDDB7618-1BFE-4300-99F3-30531CA2456B}.Ad-Hoc|x86.Deploy.0 = Release|Any CPU
		{EDDB7618-1BFE-4300-99F3-30531CA2456B}.AppStore|Any CPU.ActiveCfg = Release|Any CPU
		{EDDB7618-1BFE-4300-99F3-30531CA2456B}.AppStore|Any CPU.Build.0 = Release|Any CPU
		{EDDB7618-1BFE-4300-99F3-30531CA2456B}.AppStore|Any CPU.Deploy.0 = Release|Any CPU
		{EDDB7618-1BFE-4300-99F3-30531CA2456B}.AppStore|ARM.ActiveCfg = Release|Any CPU
		{EDDB7618-1BFE-4300-99F3-30531CA2456B}.AppStore|ARM.Build.0 = Release|Any CPU
		{EDDB7618-1BFE-4300-99F3-30531CA2456B}.AppStore|ARM.Deploy.0 = Release|Any CPU
		{EDDB7618-1BFE-4300-99F3-30531CA2456B}.AppStore|iPhone.ActiveCfg = Release|Any CPU
		{EDDB7618-1BFE-4300-99F3-30531CA2456B}.AppStore|iPhone.Build.0 = Release|Any CPU
		{EDDB7618-1BFE-4300-99F3-30531CA2456B}.AppStore|iPhone.Deploy.0 = Release|Any CPU
		{EDDB7618-1BFE-4300-99F3-30531CA2456B}.AppStore|iPhoneSimulator.ActiveCfg = Release|Any CPU
		{EDDB7618-1BFE-4300-99F3-30531CA2456B}.AppStore|iPhoneSimulator.Build.0 = Release|Any CPU
		{EDDB7618-1BFE-4300-99F3-30531CA2456B}.AppStore|iPhoneSimulator.Deploy.0 = Release|Any CPU
		{EDDB7618-1BFE-4300-99F3-30531CA2456B}.AppStore|x64.ActiveCfg = Release|Any CPU
		{EDDB7618-1BFE-4300-99F3-30531CA2456B}.AppStore|x64.Build.0 = Release|Any CPU
		{EDDB7618-1BFE-4300-99F3-30531CA2456B}.AppStore|x64.Deploy.0 = Release|Any CPU
		{EDDB7618-1BFE-4300-99F3-30531CA2456B}.AppStore|x86.ActiveCfg = Release|Any CPU
		{EDDB7618-1BFE-4300-99F3-30531CA2456B}.AppStore|x86.Build.0 = Release|Any CPU
		{EDDB7618-1BFE-4300-99F3-30531CA2456B}.AppStore|x86.Deploy.0 = Release|Any CPU
		{EDDB7618-1BFE-4300-99F3-30531CA2456B}.Debug|Any CPU.ActiveCfg = Debug|Any CPU
		{EDDB7618-1BFE-4300-99F3-30531CA2456B}.Debug|Any CPU.Build.0 = Debug|Any CPU
		{EDDB7618-1BFE-4300-99F3-30531CA2456B}.Debug|Any CPU.Deploy.0 = Debug|Any CPU
		{EDDB7618-1BFE-4300-99F3-30531CA2456B}.Debug|ARM.ActiveCfg = Debug|Any CPU
		{EDDB7618-1BFE-4300-99F3-30531CA2456B}.Debug|ARM.Build.0 = Debug|Any CPU
		{EDDB7618-1BFE-4300-99F3-30531CA2456B}.Debug|ARM.Deploy.0 = Debug|Any CPU
		{EDDB7618-1BFE-4300-99F3-30531CA2456B}.Debug|iPhone.ActiveCfg = Debug|Any CPU
		{EDDB7618-1BFE-4300-99F3-30531CA2456B}.Debug|iPhone.Build.0 = Debug|Any CPU
		{EDDB7618-1BFE-4300-99F3-30531CA2456B}.Debug|iPhone.Deploy.0 = Debug|Any CPU
		{EDDB7618-1BFE-4300-99F3-30531CA2456B}.Debug|iPhoneSimulator.ActiveCfg = Debug|Any CPU
		{EDDB7618-1BFE-4300-99F3-30531CA2456B}.Debug|iPhoneSimulator.Build.0 = Debug|Any CPU
		{EDDB7618-1BFE-4300-99F3-30531CA2456B}.Debug|iPhoneSimulator.Deploy.0 = Debug|Any CPU
		{EDDB7618-1BFE-4300-99F3-30531CA2456B}.Debug|x64.ActiveCfg = Debug|Any CPU
		{EDDB7618-1BFE-4300-99F3-30531CA2456B}.Debug|x64.Build.0 = Debug|Any CPU
		{EDDB7618-1BFE-4300-99F3-30531CA2456B}.Debug|x64.Deploy.0 = Debug|Any CPU
		{EDDB7618-1BFE-4300-99F3-30531CA2456B}.Debug|x86.ActiveCfg = Debug|Any CPU
		{EDDB7618-1BFE-4300-99F3-30531CA2456B}.Debug|x86.Build.0 = Debug|Any CPU
		{EDDB7618-1BFE-4300-99F3-30531CA2456B}.Debug|x86.Deploy.0 = Debug|Any CPU
		{EDDB7618-1BFE-4300-99F3-30531CA2456B}.Release|Any CPU.ActiveCfg = Release|Any CPU
		{EDDB7618-1BFE-4300-99F3-30531CA2456B}.Release|Any CPU.Build.0 = Release|Any CPU
		{EDDB7618-1BFE-4300-99F3-30531CA2456B}.Release|Any CPU.Deploy.0 = Release|Any CPU
		{EDDB7618-1BFE-4300-99F3-30531CA2456B}.Release|ARM.ActiveCfg = Release|Any CPU
		{EDDB7618-1BFE-4300-99F3-30531CA2456B}.Release|ARM.Build.0 = Release|Any CPU
		{EDDB7618-1BFE-4300-99F3-30531CA2456B}.Release|ARM.Deploy.0 = Release|Any CPU
		{EDDB7618-1BFE-4300-99F3-30531CA2456B}.Release|iPhone.ActiveCfg = Release|Any CPU
		{EDDB7618-1BFE-4300-99F3-30531CA2456B}.Release|iPhone.Build.0 = Release|Any CPU
		{EDDB7618-1BFE-4300-99F3-30531CA2456B}.Release|iPhone.Deploy.0 = Release|Any CPU
		{EDDB7618-1BFE-4300-99F3-30531CA2456B}.Release|iPhoneSimulator.ActiveCfg = Release|Any CPU
		{EDDB7618-1BFE-4300-99F3-30531CA2456B}.Release|iPhoneSimulator.Build.0 = Release|Any CPU
		{EDDB7618-1BFE-4300-99F3-30531CA2456B}.Release|iPhoneSimulator.Deploy.0 = Release|Any CPU
		{EDDB7618-1BFE-4300-99F3-30531CA2456B}.Release|x64.ActiveCfg = Release|Any CPU
		{EDDB7618-1BFE-4300-99F3-30531CA2456B}.Release|x64.Build.0 = Release|Any CPU
		{EDDB7618-1BFE-4300-99F3-30531CA2456B}.Release|x64.Deploy.0 = Release|Any CPU
		{EDDB7618-1BFE-4300-99F3-30531CA2456B}.Release|x86.ActiveCfg = Release|Any CPU
		{EDDB7618-1BFE-4300-99F3-30531CA2456B}.Release|x86.Build.0 = Release|Any CPU
		{EDDB7618-1BFE-4300-99F3-30531CA2456B}.Release|x86.Deploy.0 = Release|Any CPU
		{3F1A2FDB-B76E-4087-8CA4-C739FC558E0B}.Ad-Hoc|Any CPU.ActiveCfg = Ad-Hoc|iPhone
		{3F1A2FDB-B76E-4087-8CA4-C739FC558E0B}.Ad-Hoc|Any CPU.Build.0 = Ad-Hoc|iPhone
		{3F1A2FDB-B76E-4087-8CA4-C739FC558E0B}.Ad-Hoc|Any CPU.Deploy.0 = Ad-Hoc|iPhone
		{3F1A2FDB-B76E-4087-8CA4-C739FC558E0B}.Ad-Hoc|ARM.ActiveCfg = Ad-Hoc|iPhone
		{3F1A2FDB-B76E-4087-8CA4-C739FC558E0B}.Ad-Hoc|ARM.Build.0 = Ad-Hoc|iPhone
		{3F1A2FDB-B76E-4087-8CA4-C739FC558E0B}.Ad-Hoc|ARM.Deploy.0 = Ad-Hoc|iPhone
		{3F1A2FDB-B76E-4087-8CA4-C739FC558E0B}.Ad-Hoc|iPhone.ActiveCfg = Ad-Hoc|iPhone
		{3F1A2FDB-B76E-4087-8CA4-C739FC558E0B}.Ad-Hoc|iPhone.Build.0 = Ad-Hoc|iPhone
		{3F1A2FDB-B76E-4087-8CA4-C739FC558E0B}.Ad-Hoc|iPhone.Deploy.0 = Ad-Hoc|iPhone
		{3F1A2FDB-B76E-4087-8CA4-C739FC558E0B}.Ad-Hoc|iPhoneSimulator.ActiveCfg = Ad-Hoc|iPhoneSimulator
		{3F1A2FDB-B76E-4087-8CA4-C739FC558E0B}.Ad-Hoc|iPhoneSimulator.Build.0 = Ad-Hoc|iPhoneSimulator
		{3F1A2FDB-B76E-4087-8CA4-C739FC558E0B}.Ad-Hoc|iPhoneSimulator.Deploy.0 = Ad-Hoc|iPhoneSimulator
		{3F1A2FDB-B76E-4087-8CA4-C739FC558E0B}.Ad-Hoc|x64.ActiveCfg = Ad-Hoc|iPhone
		{3F1A2FDB-B76E-4087-8CA4-C739FC558E0B}.Ad-Hoc|x64.Build.0 = Ad-Hoc|iPhone
		{3F1A2FDB-B76E-4087-8CA4-C739FC558E0B}.Ad-Hoc|x64.Deploy.0 = Ad-Hoc|iPhone
		{3F1A2FDB-B76E-4087-8CA4-C739FC558E0B}.Ad-Hoc|x86.ActiveCfg = Ad-Hoc|iPhone
		{3F1A2FDB-B76E-4087-8CA4-C739FC558E0B}.Ad-Hoc|x86.Build.0 = Ad-Hoc|iPhone
		{3F1A2FDB-B76E-4087-8CA4-C739FC558E0B}.Ad-Hoc|x86.Deploy.0 = Ad-Hoc|iPhone
		{3F1A2FDB-B76E-4087-8CA4-C739FC558E0B}.AppStore|Any CPU.ActiveCfg = AppStore|iPhone
		{3F1A2FDB-B76E-4087-8CA4-C739FC558E0B}.AppStore|Any CPU.Build.0 = AppStore|iPhone
		{3F1A2FDB-B76E-4087-8CA4-C739FC558E0B}.AppStore|Any CPU.Deploy.0 = AppStore|iPhone
		{3F1A2FDB-B76E-4087-8CA4-C739FC558E0B}.AppStore|ARM.ActiveCfg = AppStore|iPhone
		{3F1A2FDB-B76E-4087-8CA4-C739FC558E0B}.AppStore|ARM.Build.0 = AppStore|iPhone
		{3F1A2FDB-B76E-4087-8CA4-C739FC558E0B}.AppStore|ARM.Deploy.0 = AppStore|iPhone
		{3F1A2FDB-B76E-4087-8CA4-C739FC558E0B}.AppStore|iPhone.ActiveCfg = AppStore|iPhone
		{3F1A2FDB-B76E-4087-8CA4-C739FC558E0B}.AppStore|iPhone.Build.0 = AppStore|iPhone
		{3F1A2FDB-B76E-4087-8CA4-C739FC558E0B}.AppStore|iPhone.Deploy.0 = AppStore|iPhone
		{3F1A2FDB-B76E-4087-8CA4-C739FC558E0B}.AppStore|iPhoneSimulator.ActiveCfg = AppStore|iPhoneSimulator
		{3F1A2FDB-B76E-4087-8CA4-C739FC558E0B}.AppStore|iPhoneSimulator.Build.0 = AppStore|iPhoneSimulator
		{3F1A2FDB-B76E-4087-8CA4-C739FC558E0B}.AppStore|iPhoneSimulator.Deploy.0 = AppStore|iPhoneSimulator
		{3F1A2FDB-B76E-4087-8CA4-C739FC558E0B}.AppStore|x64.ActiveCfg = AppStore|iPhone
		{3F1A2FDB-B76E-4087-8CA4-C739FC558E0B}.AppStore|x64.Build.0 = AppStore|iPhone
		{3F1A2FDB-B76E-4087-8CA4-C739FC558E0B}.AppStore|x64.Deploy.0 = AppStore|iPhone
		{3F1A2FDB-B76E-4087-8CA4-C739FC558E0B}.AppStore|x86.ActiveCfg = AppStore|iPhone
		{3F1A2FDB-B76E-4087-8CA4-C739FC558E0B}.AppStore|x86.Build.0 = AppStore|iPhone
		{3F1A2FDB-B76E-4087-8CA4-C739FC558E0B}.AppStore|x86.Deploy.0 = AppStore|iPhone
		{3F1A2FDB-B76E-4087-8CA4-C739FC558E0B}.Debug|Any CPU.ActiveCfg = Debug|iPhoneSimulator
		{3F1A2FDB-B76E-4087-8CA4-C739FC558E0B}.Debug|Any CPU.Build.0 = Debug|iPhoneSimulator
		{3F1A2FDB-B76E-4087-8CA4-C739FC558E0B}.Debug|Any CPU.Deploy.0 = Debug|iPhoneSimulator
		{3F1A2FDB-B76E-4087-8CA4-C739FC558E0B}.Debug|ARM.ActiveCfg = Debug|iPhone
		{3F1A2FDB-B76E-4087-8CA4-C739FC558E0B}.Debug|ARM.Build.0 = Debug|iPhone
		{3F1A2FDB-B76E-4087-8CA4-C739FC558E0B}.Debug|ARM.Deploy.0 = Debug|iPhone
		{3F1A2FDB-B76E-4087-8CA4-C739FC558E0B}.Debug|iPhone.ActiveCfg = Debug|iPhone
		{3F1A2FDB-B76E-4087-8CA4-C739FC558E0B}.Debug|iPhone.Build.0 = Debug|iPhone
		{3F1A2FDB-B76E-4087-8CA4-C739FC558E0B}.Debug|iPhone.Deploy.0 = Debug|iPhone
		{3F1A2FDB-B76E-4087-8CA4-C739FC558E0B}.Debug|iPhoneSimulator.ActiveCfg = Debug|iPhoneSimulator
		{3F1A2FDB-B76E-4087-8CA4-C739FC558E0B}.Debug|iPhoneSimulator.Build.0 = Debug|iPhoneSimulator
		{3F1A2FDB-B76E-4087-8CA4-C739FC558E0B}.Debug|iPhoneSimulator.Deploy.0 = Debug|iPhoneSimulator
		{3F1A2FDB-B76E-4087-8CA4-C739FC558E0B}.Debug|x64.ActiveCfg = Debug|iPhone
		{3F1A2FDB-B76E-4087-8CA4-C739FC558E0B}.Debug|x64.Build.0 = Debug|iPhone
		{3F1A2FDB-B76E-4087-8CA4-C739FC558E0B}.Debug|x64.Deploy.0 = Debug|iPhone
		{3F1A2FDB-B76E-4087-8CA4-C739FC558E0B}.Debug|x86.ActiveCfg = Debug|iPhone
		{3F1A2FDB-B76E-4087-8CA4-C739FC558E0B}.Debug|x86.Build.0 = Debug|iPhone
		{3F1A2FDB-B76E-4087-8CA4-C739FC558E0B}.Debug|x86.Deploy.0 = Debug|iPhone
		{3F1A2FDB-B76E-4087-8CA4-C739FC558E0B}.Release|Any CPU.ActiveCfg = Release|iPhone
		{3F1A2FDB-B76E-4087-8CA4-C739FC558E0B}.Release|Any CPU.Build.0 = Release|iPhone
		{3F1A2FDB-B76E-4087-8CA4-C739FC558E0B}.Release|Any CPU.Deploy.0 = Release|iPhone
		{3F1A2FDB-B76E-4087-8CA4-C739FC558E0B}.Release|ARM.ActiveCfg = Release|iPhone
		{3F1A2FDB-B76E-4087-8CA4-C739FC558E0B}.Release|ARM.Build.0 = Release|iPhone
		{3F1A2FDB-B76E-4087-8CA4-C739FC558E0B}.Release|ARM.Deploy.0 = Release|iPhone
		{3F1A2FDB-B76E-4087-8CA4-C739FC558E0B}.Release|iPhone.ActiveCfg = Release|iPhone
		{3F1A2FDB-B76E-4087-8CA4-C739FC558E0B}.Release|iPhone.Build.0 = Release|iPhone
		{3F1A2FDB-B76E-4087-8CA4-C739FC558E0B}.Release|iPhone.Deploy.0 = Release|iPhone
		{3F1A2FDB-B76E-4087-8CA4-C739FC558E0B}.Release|iPhoneSimulator.ActiveCfg = Release|iPhoneSimulator
		{3F1A2FDB-B76E-4087-8CA4-C739FC558E0B}.Release|iPhoneSimulator.Build.0 = Release|iPhoneSimulator
		{3F1A2FDB-B76E-4087-8CA4-C739FC558E0B}.Release|iPhoneSimulator.Deploy.0 = Release|iPhoneSimulator
		{3F1A2FDB-B76E-4087-8CA4-C739FC558E0B}.Release|x64.ActiveCfg = Release|iPhone
		{3F1A2FDB-B76E-4087-8CA4-C739FC558E0B}.Release|x64.Build.0 = Release|iPhone
		{3F1A2FDB-B76E-4087-8CA4-C739FC558E0B}.Release|x64.Deploy.0 = Release|iPhone
		{3F1A2FDB-B76E-4087-8CA4-C739FC558E0B}.Release|x86.ActiveCfg = Release|iPhone
		{3F1A2FDB-B76E-4087-8CA4-C739FC558E0B}.Release|x86.Build.0 = Release|iPhone
		{3F1A2FDB-B76E-4087-8CA4-C739FC558E0B}.Release|x86.Deploy.0 = Release|iPhone
		{3A83CE0D-255F-4E15-A140-DBA79758976A}.Ad-Hoc|Any CPU.ActiveCfg = Release|x86
		{3A83CE0D-255F-4E15-A140-DBA79758976A}.Ad-Hoc|Any CPU.Build.0 = Release|x86
		{3A83CE0D-255F-4E15-A140-DBA79758976A}.Ad-Hoc|Any CPU.Deploy.0 = Release|x86
		{3A83CE0D-255F-4E15-A140-DBA79758976A}.Ad-Hoc|ARM.ActiveCfg = Release|ARM
		{3A83CE0D-255F-4E15-A140-DBA79758976A}.Ad-Hoc|ARM.Build.0 = Release|ARM
		{3A83CE0D-255F-4E15-A140-DBA79758976A}.Ad-Hoc|ARM.Deploy.0 = Release|ARM
		{3A83CE0D-255F-4E15-A140-DBA79758976A}.Ad-Hoc|iPhone.ActiveCfg = Release|x86
		{3A83CE0D-255F-4E15-A140-DBA79758976A}.Ad-Hoc|iPhone.Build.0 = Release|x86
		{3A83CE0D-255F-4E15-A140-DBA79758976A}.Ad-Hoc|iPhone.Deploy.0 = Release|x86
		{3A83CE0D-255F-4E15-A140-DBA79758976A}.Ad-Hoc|iPhoneSimulator.ActiveCfg = Release|x86
		{3A83CE0D-255F-4E15-A140-DBA79758976A}.Ad-Hoc|iPhoneSimulator.Build.0 = Release|x86
		{3A83CE0D-255F-4E15-A140-DBA79758976A}.Ad-Hoc|iPhoneSimulator.Deploy.0 = Release|x86
		{3A83CE0D-255F-4E15-A140-DBA79758976A}.Ad-Hoc|x64.ActiveCfg = Release|x64
		{3A83CE0D-255F-4E15-A140-DBA79758976A}.Ad-Hoc|x64.Build.0 = Release|x64
		{3A83CE0D-255F-4E15-A140-DBA79758976A}.Ad-Hoc|x64.Deploy.0 = Release|x64
		{3A83CE0D-255F-4E15-A140-DBA79758976A}.Ad-Hoc|x86.ActiveCfg = Release|x86
		{3A83CE0D-255F-4E15-A140-DBA79758976A}.Ad-Hoc|x86.Build.0 = Release|x86
		{3A83CE0D-255F-4E15-A140-DBA79758976A}.Ad-Hoc|x86.Deploy.0 = Release|x86
		{3A83CE0D-255F-4E15-A140-DBA79758976A}.AppStore|Any CPU.ActiveCfg = Release|x86
		{3A83CE0D-255F-4E15-A140-DBA79758976A}.AppStore|Any CPU.Build.0 = Release|x86
		{3A83CE0D-255F-4E15-A140-DBA79758976A}.AppStore|Any CPU.Deploy.0 = Release|x86
		{3A83CE0D-255F-4E15-A140-DBA79758976A}.AppStore|ARM.ActiveCfg = Release|ARM
		{3A83CE0D-255F-4E15-A140-DBA79758976A}.AppStore|ARM.Build.0 = Release|ARM
		{3A83CE0D-255F-4E15-A140-DBA79758976A}.AppStore|ARM.Deploy.0 = Release|ARM
		{3A83CE0D-255F-4E15-A140-DBA79758976A}.AppStore|iPhone.ActiveCfg = Release|x86
		{3A83CE0D-255F-4E15-A140-DBA79758976A}.AppStore|iPhone.Build.0 = Release|x86
		{3A83CE0D-255F-4E15-A140-DBA79758976A}.AppStore|iPhone.Deploy.0 = Release|x86
		{3A83CE0D-255F-4E15-A140-DBA79758976A}.AppStore|iPhoneSimulator.ActiveCfg = Release|x86
		{3A83CE0D-255F-4E15-A140-DBA79758976A}.AppStore|iPhoneSimulator.Build.0 = Release|x86
		{3A83CE0D-255F-4E15-A140-DBA79758976A}.AppStore|iPhoneSimulator.Deploy.0 = Release|x86
		{3A83CE0D-255F-4E15-A140-DBA79758976A}.AppStore|x64.ActiveCfg = Release|x64
		{3A83CE0D-255F-4E15-A140-DBA79758976A}.AppStore|x64.Build.0 = Release|x64
		{3A83CE0D-255F-4E15-A140-DBA79758976A}.AppStore|x64.Deploy.0 = Release|x64
		{3A83CE0D-255F-4E15-A140-DBA79758976A}.AppStore|x86.ActiveCfg = Release|x86
		{3A83CE0D-255F-4E15-A140-DBA79758976A}.AppStore|x86.Build.0 = Release|x86
		{3A83CE0D-255F-4E15-A140-DBA79758976A}.AppStore|x86.Deploy.0 = Release|x86
		{3A83CE0D-255F-4E15-A140-DBA79758976A}.Debug|Any CPU.ActiveCfg = Debug|x86
		{3A83CE0D-255F-4E15-A140-DBA79758976A}.Debug|Any CPU.Build.0 = Debug|x86
		{3A83CE0D-255F-4E15-A140-DBA79758976A}.Debug|Any CPU.Deploy.0 = Debug|x86
		{3A83CE0D-255F-4E15-A140-DBA79758976A}.Debug|ARM.ActiveCfg = Debug|ARM
		{3A83CE0D-255F-4E15-A140-DBA79758976A}.Debug|ARM.Build.0 = Debug|ARM
		{3A83CE0D-255F-4E15-A140-DBA79758976A}.Debug|ARM.Deploy.0 = Debug|ARM
		{3A83CE0D-255F-4E15-A140-DBA79758976A}.Debug|iPhone.ActiveCfg = Debug|x86
		{3A83CE0D-255F-4E15-A140-DBA79758976A}.Debug|iPhone.Build.0 = Debug|x86
		{3A83CE0D-255F-4E15-A140-DBA79758976A}.Debug|iPhone.Deploy.0 = Debug|x86
		{3A83CE0D-255F-4E15-A140-DBA79758976A}.Debug|iPhoneSimulator.ActiveCfg = Debug|x86
		{3A83CE0D-255F-4E15-A140-DBA79758976A}.Debug|iPhoneSimulator.Build.0 = Debug|x86
		{3A83CE0D-255F-4E15-A140-DBA79758976A}.Debug|iPhoneSimulator.Deploy.0 = Debug|x86
		{3A83CE0D-255F-4E15-A140-DBA79758976A}.Debug|x64.ActiveCfg = Debug|x64
		{3A83CE0D-255F-4E15-A140-DBA79758976A}.Debug|x64.Build.0 = Debug|x64
		{3A83CE0D-255F-4E15-A140-DBA79758976A}.Debug|x64.Deploy.0 = Debug|x64
		{3A83CE0D-255F-4E15-A140-DBA79758976A}.Debug|x86.ActiveCfg = Debug|x86
		{3A83CE0D-255F-4E15-A140-DBA79758976A}.Debug|x86.Build.0 = Debug|x86
		{3A83CE0D-255F-4E15-A140-DBA79758976A}.Debug|x86.Deploy.0 = Debug|x86
		{3A83CE0D-255F-4E15-A140-DBA79758976A}.Release|Any CPU.ActiveCfg = Release|x86
		{3A83CE0D-255F-4E15-A140-DBA79758976A}.Release|Any CPU.Build.0 = Release|x86
		{3A83CE0D-255F-4E15-A140-DBA79758976A}.Release|Any CPU.Deploy.0 = Release|x86
		{3A83CE0D-255F-4E15-A140-DBA79758976A}.Release|ARM.ActiveCfg = Release|ARM
		{3A83CE0D-255F-4E15-A140-DBA79758976A}.Release|ARM.Build.0 = Release|ARM
		{3A83CE0D-255F-4E15-A140-DBA79758976A}.Release|ARM.Deploy.0 = Release|ARM
		{3A83CE0D-255F-4E15-A140-DBA79758976A}.Release|iPhone.ActiveCfg = Release|x86
		{3A83CE0D-255F-4E15-A140-DBA79758976A}.Release|iPhone.Build.0 = Release|x86
		{3A83CE0D-255F-4E15-A140-DBA79758976A}.Release|iPhone.Deploy.0 = Release|x86
		{3A83CE0D-255F-4E15-A140-DBA79758976A}.Release|iPhoneSimulator.ActiveCfg = Release|x86
		{3A83CE0D-255F-4E15-A140-DBA79758976A}.Release|iPhoneSimulator.Build.0 = Release|x86
		{3A83CE0D-255F-4E15-A140-DBA79758976A}.Release|iPhoneSimulator.Deploy.0 = Release|x86
		{3A83CE0D-255F-4E15-A140-DBA79758976A}.Release|x64.ActiveCfg = Release|x64
		{3A83CE0D-255F-4E15-A140-DBA79758976A}.Release|x64.Build.0 = Release|x64
		{3A83CE0D-255F-4E15-A140-DBA79758976A}.Release|x64.Deploy.0 = Release|x64
		{3A83CE0D-255F-4E15-A140-DBA79758976A}.Release|x86.ActiveCfg = Release|x86
		{3A83CE0D-255F-4E15-A140-DBA79758976A}.Release|x86.Build.0 = Release|x86
		{3A83CE0D-255F-4E15-A140-DBA79758976A}.Release|x86.Deploy.0 = Release|x86
		{8490A0D9-8C4F-4C31-9B83-92FC04B7DB9D}.Ad-Hoc|Any CPU.ActiveCfg = Debug|Any CPU
		{8490A0D9-8C4F-4C31-9B83-92FC04B7DB9D}.Ad-Hoc|Any CPU.Build.0 = Debug|Any CPU
		{8490A0D9-8C4F-4C31-9B83-92FC04B7DB9D}.Ad-Hoc|Any CPU.Deploy.0 = Debug|Any CPU
		{8490A0D9-8C4F-4C31-9B83-92FC04B7DB9D}.Ad-Hoc|ARM.ActiveCfg = Debug|Any CPU
		{8490A0D9-8C4F-4C31-9B83-92FC04B7DB9D}.Ad-Hoc|ARM.Build.0 = Debug|Any CPU
		{8490A0D9-8C4F-4C31-9B83-92FC04B7DB9D}.Ad-Hoc|ARM.Deploy.0 = Debug|Any CPU
		{8490A0D9-8C4F-4C31-9B83-92FC04B7DB9D}.Ad-Hoc|iPhone.ActiveCfg = Debug|Any CPU
		{8490A0D9-8C4F-4C31-9B83-92FC04B7DB9D}.Ad-Hoc|iPhone.Build.0 = Debug|Any CPU
		{8490A0D9-8C4F-4C31-9B83-92FC04B7DB9D}.Ad-Hoc|iPhone.Deploy.0 = Debug|Any CPU
		{8490A0D9-8C4F-4C31-9B83-92FC04B7DB9D}.Ad-Hoc|iPhoneSimulator.ActiveCfg = Debug|Any CPU
		{8490A0D9-8C4F-4C31-9B83-92FC04B7DB9D}.Ad-Hoc|iPhoneSimulator.Build.0 = Debug|Any CPU
		{8490A0D9-8C4F-4C31-9B83-92FC04B7DB9D}.Ad-Hoc|iPhoneSimulator.Deploy.0 = Debug|Any CPU
		{8490A0D9-8C4F-4C31-9B83-92FC04B7DB9D}.Ad-Hoc|x64.ActiveCfg = Debug|Any CPU
		{8490A0D9-8C4F-4C31-9B83-92FC04B7DB9D}.Ad-Hoc|x64.Build.0 = Debug|Any CPU
		{8490A0D9-8C4F-4C31-9B83-92FC04B7DB9D}.Ad-Hoc|x64.Deploy.0 = Debug|Any CPU
		{8490A0D9-8C4F-4C31-9B83-92FC04B7DB9D}.Ad-Hoc|x86.ActiveCfg = Debug|Any CPU
		{8490A0D9-8C4F-4C31-9B83-92FC04B7DB9D}.Ad-Hoc|x86.Build.0 = Debug|Any CPU
		{8490A0D9-8C4F-4C31-9B83-92FC04B7DB9D}.Ad-Hoc|x86.Deploy.0 = Debug|Any CPU
		{8490A0D9-8C4F-4C31-9B83-92FC04B7DB9D}.AppStore|Any CPU.ActiveCfg = Debug|Any CPU
		{8490A0D9-8C4F-4C31-9B83-92FC04B7DB9D}.AppStore|Any CPU.Build.0 = Debug|Any CPU
		{8490A0D9-8C4F-4C31-9B83-92FC04B7DB9D}.AppStore|Any CPU.Deploy.0 = Debug|Any CPU
		{8490A0D9-8C4F-4C31-9B83-92FC04B7DB9D}.AppStore|ARM.ActiveCfg = Debug|Any CPU
		{8490A0D9-8C4F-4C31-9B83-92FC04B7DB9D}.AppStore|ARM.Build.0 = Debug|Any CPU
		{8490A0D9-8C4F-4C31-9B83-92FC04B7DB9D}.AppStore|ARM.Deploy.0 = Debug|Any CPU
		{8490A0D9-8C4F-4C31-9B83-92FC04B7DB9D}.AppStore|iPhone.ActiveCfg = Debug|Any CPU
		{8490A0D9-8C4F-4C31-9B83-92FC04B7DB9D}.AppStore|iPhone.Build.0 = Debug|Any CPU
		{8490A0D9-8C4F-4C31-9B83-92FC04B7DB9D}.AppStore|iPhone.Deploy.0 = Debug|Any CPU
		{8490A0D9-8C4F-4C31-9B83-92FC04B7DB9D}.AppStore|iPhoneSimulator.ActiveCfg = Debug|Any CPU
		{8490A0D9-8C4F-4C31-9B83-92FC04B7DB9D}.AppStore|iPhoneSimulator.Build.0 = Debug|Any CPU
		{8490A0D9-8C4F-4C31-9B83-92FC04B7DB9D}.AppStore|iPhoneSimulator.Deploy.0 = Debug|Any CPU
		{8490A0D9-8C4F-4C31-9B83-92FC04B7DB9D}.AppStore|x64.ActiveCfg = Debug|Any CPU
		{8490A0D9-8C4F-4C31-9B83-92FC04B7DB9D}.AppStore|x64.Build.0 = Debug|Any CPU
		{8490A0D9-8C4F-4C31-9B83-92FC04B7DB9D}.AppStore|x64.Deploy.0 = Debug|Any CPU
		{8490A0D9-8C4F-4C31-9B83-92FC04B7DB9D}.AppStore|x86.ActiveCfg = Debug|Any CPU
		{8490A0D9-8C4F-4C31-9B83-92FC04B7DB9D}.AppStore|x86.Build.0 = Debug|Any CPU
		{8490A0D9-8C4F-4C31-9B83-92FC04B7DB9D}.AppStore|x86.Deploy.0 = Debug|Any CPU
		{8490A0D9-8C4F-4C31-9B83-92FC04B7DB9D}.Debug|Any CPU.ActiveCfg = Debug|Any CPU
		{8490A0D9-8C4F-4C31-9B83-92FC04B7DB9D}.Debug|Any CPU.Build.0 = Debug|Any CPU
		{8490A0D9-8C4F-4C31-9B83-92FC04B7DB9D}.Debug|Any CPU.Deploy.0 = Debug|Any CPU
		{8490A0D9-8C4F-4C31-9B83-92FC04B7DB9D}.Debug|ARM.ActiveCfg = Debug|Any CPU
		{8490A0D9-8C4F-4C31-9B83-92FC04B7DB9D}.Debug|ARM.Build.0 = Debug|Any CPU
		{8490A0D9-8C4F-4C31-9B83-92FC04B7DB9D}.Debug|ARM.Deploy.0 = Debug|Any CPU
		{8490A0D9-8C4F-4C31-9B83-92FC04B7DB9D}.Debug|iPhone.ActiveCfg = Debug|Any CPU
		{8490A0D9-8C4F-4C31-9B83-92FC04B7DB9D}.Debug|iPhone.Build.0 = Debug|Any CPU
		{8490A0D9-8C4F-4C31-9B83-92FC04B7DB9D}.Debug|iPhone.Deploy.0 = Debug|Any CPU
		{8490A0D9-8C4F-4C31-9B83-92FC04B7DB9D}.Debug|iPhoneSimulator.ActiveCfg = Debug|Any CPU
		{8490A0D9-8C4F-4C31-9B83-92FC04B7DB9D}.Debug|iPhoneSimulator.Build.0 = Debug|Any CPU
		{8490A0D9-8C4F-4C31-9B83-92FC04B7DB9D}.Debug|iPhoneSimulator.Deploy.0 = Debug|Any CPU
		{8490A0D9-8C4F-4C31-9B83-92FC04B7DB9D}.Debug|x64.ActiveCfg = Debug|Any CPU
		{8490A0D9-8C4F-4C31-9B83-92FC04B7DB9D}.Debug|x64.Build.0 = Debug|Any CPU
		{8490A0D9-8C4F-4C31-9B83-92FC04B7DB9D}.Debug|x64.Deploy.0 = Debug|Any CPU
		{8490A0D9-8C4F-4C31-9B83-92FC04B7DB9D}.Debug|x86.ActiveCfg = Debug|Any CPU
		{8490A0D9-8C4F-4C31-9B83-92FC04B7DB9D}.Debug|x86.Build.0 = Debug|Any CPU
		{8490A0D9-8C4F-4C31-9B83-92FC04B7DB9D}.Debug|x86.Deploy.0 = Debug|Any CPU
		{8490A0D9-8C4F-4C31-9B83-92FC04B7DB9D}.Release|Any CPU.ActiveCfg = Release|Any CPU
		{8490A0D9-8C4F-4C31-9B83-92FC04B7DB9D}.Release|Any CPU.Build.0 = Release|Any CPU
		{8490A0D9-8C4F-4C31-9B83-92FC04B7DB9D}.Release|Any CPU.Deploy.0 = Release|Any CPU
		{8490A0D9-8C4F-4C31-9B83-92FC04B7DB9D}.Release|ARM.ActiveCfg = Release|Any CPU
		{8490A0D9-8C4F-4C31-9B83-92FC04B7DB9D}.Release|ARM.Build.0 = Release|Any CPU
		{8490A0D9-8C4F-4C31-9B83-92FC04B7DB9D}.Release|ARM.Deploy.0 = Release|Any CPU
		{8490A0D9-8C4F-4C31-9B83-92FC04B7DB9D}.Release|iPhone.ActiveCfg = Release|Any CPU
		{8490A0D9-8C4F-4C31-9B83-92FC04B7DB9D}.Release|iPhone.Build.0 = Release|Any CPU
		{8490A0D9-8C4F-4C31-9B83-92FC04B7DB9D}.Release|iPhone.Deploy.0 = Release|Any CPU
		{8490A0D9-8C4F-4C31-9B83-92FC04B7DB9D}.Release|iPhoneSimulator.ActiveCfg = Release|Any CPU
		{8490A0D9-8C4F-4C31-9B83-92FC04B7DB9D}.Release|iPhoneSimulator.Build.0 = Release|Any CPU
		{8490A0D9-8C4F-4C31-9B83-92FC04B7DB9D}.Release|iPhoneSimulator.Deploy.0 = Release|Any CPU
		{8490A0D9-8C4F-4C31-9B83-92FC04B7DB9D}.Release|x64.ActiveCfg = Release|Any CPU
		{8490A0D9-8C4F-4C31-9B83-92FC04B7DB9D}.Release|x64.Build.0 = Release|Any CPU
		{8490A0D9-8C4F-4C31-9B83-92FC04B7DB9D}.Release|x64.Deploy.0 = Release|Any CPU
		{8490A0D9-8C4F-4C31-9B83-92FC04B7DB9D}.Release|x86.ActiveCfg = Release|Any CPU
		{8490A0D9-8C4F-4C31-9B83-92FC04B7DB9D}.Release|x86.Build.0 = Release|Any CPU
		{8490A0D9-8C4F-4C31-9B83-92FC04B7DB9D}.Release|x86.Deploy.0 = Release|Any CPU
	EndGlobalSection
	GlobalSection(SolutionProperties) = preSolution
		HideSolutionNode = FALSE
	EndGlobalSection
	GlobalSection(ExtensibilityGlobals) = postSolution
		SolutionGuid = {844862D0-6397-4B00-BA2B-2D417716B599}
	EndGlobalSection
EndGlobal
